
Microsoft Visual Studio Solution File, Format Version 12.00
# Visual Studio 15
VisualStudioVersion = 15.0.28307.329
MinimumVisualStudioVersion = 10.0.40219.1
Project("{FAE04EC0-301F-11D3-BF4B-00C04F79EFBC}") = "ConsoleApp1", "ConsoleApp1\ConsoleApp1.csproj", "{9622D2D7-FDC8-452B-BE15-BC2AF1A44F6A}"
EndProject
Global
	GlobalSection(SolutionConfigurationPlatforms) = preSolution
		Debug|Any CPU = Debug|Any CPU
		Release|Any CPU = Release|Any CPU
	EndGlobalSection
	GlobalSection(ProjectConfigurationPlatforms) = postSolution
		{9622D2D7-FDC8-452B-BE15-BC2AF1A44F6A}.Debug|Any CPU.ActiveCfg = Debug|Any CPU
		{9622D2D7-FDC8-452B-BE15-BC2AF1A44F6A}.Debug|Any CPU.Build.0 = Debug|Any CPU
		{9622D2D7-FDC8-452B-BE15-BC2AF1A44F6A}.Release|Any CPU.ActiveCfg = Release|Any CPU
		{9622D2D7-FDC8-452B-BE15-BC2AF1A44F6A}.Release|Any CPU.Build.0 = Release|Any CPU
	EndGlobalSection
	GlobalSection(SolutionProperties) = preSolution
		HideSolutionNode = FALSE
	EndGlobalSection
	GlobalSection(ExtensibilityGlobals) = postSolution
		SolutionGuid = {55392BAF-C26E-4DC1-BFEB-DC3C85060E93}
	EndGlobalSection
EndGlobal
